// !$*UTF8*$!
{
	archiveVersion = 1;
	classes = {
	};
	objectVersion = 56;
	objects = {

/* Begin PBXBuildFile section */
		4C8477872C21891100DBE1FF /* SearchTicketsApp.swift in Sources */ = {isa = PBXBuildFile; fileRef = 4C8477862C21891100DBE1FF /* SearchTicketsApp.swift */; };
		4C8477892C21891100DBE1FF /* ContentView.swift in Sources */ = {isa = PBXBuildFile; fileRef = 4C8477882C21891100DBE1FF /* ContentView.swift */; };
		4C84778B2C21891A00DBE1FF /* Assets.xcassets in Resources */ = {isa = PBXBuildFile; fileRef = 4C84778A2C21891A00DBE1FF /* Assets.xcassets */; };
		4C84778E2C21891A00DBE1FF /* Preview Assets.xcassets in Resources */ = {isa = PBXBuildFile; fileRef = 4C84778D2C21891A00DBE1FF /* Preview Assets.xcassets */; };
		4C8477952C21946100DBE1FF /* TabBarView.swift in Sources */ = {isa = PBXBuildFile; fileRef = 4C8477942C21946100DBE1FF /* TabBarView.swift */; };
		4C8477972C219FD600DBE1FF /* PlaceView.swift in Sources */ = {isa = PBXBuildFile; fileRef = 4C8477962C219FD600DBE1FF /* PlaceView.swift */; };
		4C8477992C21BF8300DBE1FF /* CustomDivider.swift in Sources */ = {isa = PBXBuildFile; fileRef = 4C8477982C21BF8300DBE1FF /* CustomDivider.swift */; };
		4C84779B2C21FFC800DBE1FF /* MainView.swift in Sources */ = {isa = PBXBuildFile; fileRef = 4C84779A2C21FFC800DBE1FF /* MainView.swift */; };
		4C84779D2C22091200DBE1FF /* RecomendedView.swift in Sources */ = {isa = PBXBuildFile; fileRef = 4C84779C2C22091100DBE1FF /* RecomendedView.swift */; };
		4C84779F2C220AEB00DBE1FF /* RecomendedStruct.swift in Sources */ = {isa = PBXBuildFile; fileRef = 4C84779E2C220AEB00DBE1FF /* RecomendedStruct.swift */; };
		4C8477A32C22176D00DBE1FF /* DetailPlaceView.swift in Sources */ = {isa = PBXBuildFile; fileRef = 4C8477A22C22176D00DBE1FF /* DetailPlaceView.swift */; };
		4C8477A72C22E11800DBE1FF /* PopularPlaceStruct.swift in Sources */ = {isa = PBXBuildFile; fileRef = 4C8477A62C22E11800DBE1FF /* PopularPlaceStruct.swift */; };
		4C8477A92C22E28A00DBE1FF /* PopularPlaceView.swift in Sources */ = {isa = PBXBuildFile; fileRef = 4C8477A82C22E28A00DBE1FF /* PopularPlaceView.swift */; };
		4C8477AD2C24492A00DBE1FF /* SearchView.swift in Sources */ = {isa = PBXBuildFile; fileRef = 4C8477AC2C24492A00DBE1FF /* SearchView.swift */; };
		4CC4E4052C2459E000B44591 /* FlightStruct.swift in Sources */ = {isa = PBXBuildFile; fileRef = 4CC4E4042C2459E000B44591 /* FlightStruct.swift */; };
		4CC4E4072C245B2D00B44591 /* FlightView.swift in Sources */ = {isa = PBXBuildFile; fileRef = 4CC4E4062C245B2D00B44591 /* FlightView.swift */; };
		4CC4E40F2C2595B300B44591 /* RecomendedViewModel.swift in Sources */ = {isa = PBXBuildFile; fileRef = 4CC4E40E2C2595B300B44591 /* RecomendedViewModel.swift */; };
		4CC4E4112C25987300B44591 /* TicketOfferViewModel.swift in Sources */ = {isa = PBXBuildFile; fileRef = 4CC4E4102C25987300B44591 /* TicketOfferViewModel.swift */; };
		4CC4E4142C25DD1B00B44591 /* AllTickets.swift in Sources */ = {isa = PBXBuildFile; fileRef = 4CC4E4132C25DD1B00B44591 /* AllTickets.swift */; };
		4CC4E4162C25DD9600B44591 /* AllTicketsStruct.swift in Sources */ = {isa = PBXBuildFile; fileRef = 4CC4E4152C25DD9600B44591 /* AllTicketsStruct.swift */; };
		4CC4E4182C27178100B44591 /* TicketViewModel.swift in Sources */ = {isa = PBXBuildFile; fileRef = 4CC4E4172C27178100B44591 /* TicketViewModel.swift */; };
		4CC4E41A2C282B8300B44591 /* CustomTextField.swift in Sources */ = {isa = PBXBuildFile; fileRef = 4CC4E4192C282B8300B44591 /* CustomTextField.swift */; };
/* End PBXBuildFile section */

/* Begin PBXFileReference section */
		4C8477832C21891100DBE1FF /* SearchTickets.app */ = {isa = PBXFileReference; explicitFileType = wrapper.application; includeInIndex = 0; path = SearchTickets.app; sourceTree = BUILT_PRODUCTS_DIR; };
		4C8477862C21891100DBE1FF /* SearchTicketsApp.swift */ = {isa = PBXFileReference; lastKnownFileType = sourcecode.swift; path = SearchTicketsApp.swift; sourceTree = "<group>"; };
		4C8477882C21891100DBE1FF /* ContentView.swift */ = {isa = PBXFileReference; lastKnownFileType = sourcecode.swift; path = ContentView.swift; sourceTree = "<group>"; };
		4C84778A2C21891A00DBE1FF /* Assets.xcassets */ = {isa = PBXFileReference; lastKnownFileType = folder.assetcatalog; path = Assets.xcassets; sourceTree = "<group>"; };
		4C84778D2C21891A00DBE1FF /* Preview Assets.xcassets */ = {isa = PBXFileReference; lastKnownFileType = folder.assetcatalog; path = "Preview Assets.xcassets"; sourceTree = "<group>"; };
		4C8477942C21946100DBE1FF /* TabBarView.swift */ = {isa = PBXFileReference; lastKnownFileType = sourcecode.swift; path = TabBarView.swift; sourceTree = "<group>"; };
		4C8477962C219FD600DBE1FF /* PlaceView.swift */ = {isa = PBXFileReference; lastKnownFileType = sourcecode.swift; path = PlaceView.swift; sourceTree = "<group>"; };
		4C8477982C21BF8300DBE1FF /* CustomDivider.swift */ = {isa = PBXFileReference; lastKnownFileType = sourcecode.swift; path = CustomDivider.swift; sourceTree = "<group>"; };
		4C84779A2C21FFC800DBE1FF /* MainView.swift */ = {isa = PBXFileReference; lastKnownFileType = sourcecode.swift; path = MainView.swift; sourceTree = "<group>"; };
		4C84779C2C22091100DBE1FF /* RecomendedView.swift */ = {isa = PBXFileReference; lastKnownFileType = sourcecode.swift; path = RecomendedView.swift; sourceTree = "<group>"; };
		4C84779E2C220AEB00DBE1FF /* RecomendedStruct.swift */ = {isa = PBXFileReference; lastKnownFileType = sourcecode.swift; path = RecomendedStruct.swift; sourceTree = "<group>"; };
		4C8477A22C22176D00DBE1FF /* DetailPlaceView.swift */ = {isa = PBXFileReference; lastKnownFileType = sourcecode.swift; path = DetailPlaceView.swift; sourceTree = "<group>"; };
		4C8477A62C22E11800DBE1FF /* PopularPlaceStruct.swift */ = {isa = PBXFileReference; lastKnownFileType = sourcecode.swift; path = PopularPlaceStruct.swift; sourceTree = "<group>"; };
		4C8477A82C22E28A00DBE1FF /* PopularPlaceView.swift */ = {isa = PBXFileReference; lastKnownFileType = sourcecode.swift; path = PopularPlaceView.swift; sourceTree = "<group>"; };
		4C8477AC2C24492A00DBE1FF /* SearchView.swift */ = {isa = PBXFileReference; lastKnownFileType = sourcecode.swift; path = SearchView.swift; sourceTree = "<group>"; };
		4CC4E4042C2459E000B44591 /* FlightStruct.swift */ = {isa = PBXFileReference; lastKnownFileType = sourcecode.swift; path = FlightStruct.swift; sourceTree = "<group>"; };
		4CC4E4062C245B2D00B44591 /* FlightView.swift */ = {isa = PBXFileReference; lastKnownFileType = sourcecode.swift; path = FlightView.swift; sourceTree = "<group>"; };
		4CC4E40E2C2595B300B44591 /* RecomendedViewModel.swift */ = {isa = PBXFileReference; lastKnownFileType = sourcecode.swift; path = RecomendedViewModel.swift; sourceTree = "<group>"; };
		4CC4E4102C25987300B44591 /* TicketOfferViewModel.swift */ = {isa = PBXFileReference; lastKnownFileType = sourcecode.swift; path = TicketOfferViewModel.swift; sourceTree = "<group>"; };
		4CC4E4132C25DD1B00B44591 /* AllTickets.swift */ = {isa = PBXFileReference; lastKnownFileType = sourcecode.swift; path = AllTickets.swift; sourceTree = "<group>"; };
		4CC4E4152C25DD9600B44591 /* AllTicketsStruct.swift */ = {isa = PBXFileReference; lastKnownFileType = sourcecode.swift; path = AllTicketsStruct.swift; sourceTree = "<group>"; };
		4CC4E4172C27178100B44591 /* TicketViewModel.swift */ = {isa = PBXFileReference; lastKnownFileType = sourcecode.swift; path = TicketViewModel.swift; sourceTree = "<group>"; };
		4CC4E4192C282B8300B44591 /* CustomTextField.swift */ = {isa = PBXFileReference; lastKnownFileType = sourcecode.swift; path = CustomTextField.swift; sourceTree = "<group>"; };
/* End PBXFileReference section */

/* Begin PBXFrameworksBuildPhase section */
		4C8477802C21891100DBE1FF /* Frameworks */ = {
			isa = PBXFrameworksBuildPhase;
			buildActionMask = 2147483647;
			files = (
			);
			runOnlyForDeploymentPostprocessing = 0;
		};
/* End PBXFrameworksBuildPhase section */

/* Begin PBXGroup section */
		4C84777A2C21891100DBE1FF = {
			isa = PBXGroup;
			children = (
				4C8477852C21891100DBE1FF /* SearchTickets */,
				4C8477842C21891100DBE1FF /* Products */,
			);
			sourceTree = "<group>";
		};
		4C8477842C21891100DBE1FF /* Products */ = {
			isa = PBXGroup;
			children = (
				4C8477832C21891100DBE1FF /* SearchTickets.app */,
			);
			name = Products;
			sourceTree = "<group>";
		};
		4C8477852C21891100DBE1FF /* SearchTickets */ = {
			isa = PBXGroup;
			children = (
				4C8477A12C2216E400DBE1FF /* TabBarView */,
				4C8477A02C2216CA00DBE1FF /* RecomendedView */,
				4C8477862C21891100DBE1FF /* SearchTicketsApp.swift */,
				4C8477882C21891100DBE1FF /* ContentView.swift */,
				4C84779A2C21FFC800DBE1FF /* MainView.swift */,
				4C8477962C219FD600DBE1FF /* PlaceView.swift */,
				4C8477A22C22176D00DBE1FF /* DetailPlaceView.swift */,
				4C8477AC2C24492A00DBE1FF /* SearchView.swift */,
				4CC4E4122C25997A00B44591 /* TicketOffer */,
				4CC4E4132C25DD1B00B44591 /* AllTickets.swift */,
				4CC4E4152C25DD9600B44591 /* AllTicketsStruct.swift */,
				4CC4E4172C27178100B44591 /* TicketViewModel.swift */,
				4CC4E4192C282B8300B44591 /* CustomTextField.swift */,
				4C8477AA2C24410300DBE1FF /* PopularPlaceView */,
				4C8477AB2C24411400DBE1FF /* CustomDevider */,
				4C84778A2C21891A00DBE1FF /* Assets.xcassets */,
				4C84778C2C21891A00DBE1FF /* Preview Content */,
			);
			path = SearchTickets;
			sourceTree = "<group>";
		};
		4C84778C2C21891A00DBE1FF /* Preview Content */ = {
			isa = PBXGroup;
			children = (
				4C84778D2C21891A00DBE1FF /* Preview Assets.xcassets */,
			);
			path = "Preview Content";
			sourceTree = "<group>";
		};
		4C8477A02C2216CA00DBE1FF /* RecomendedView */ = {
			isa = PBXGroup;
			children = (
				4C84779E2C220AEB00DBE1FF /* RecomendedStruct.swift */,
				4C84779C2C22091100DBE1FF /* RecomendedView.swift */,
				4CC4E40E2C2595B300B44591 /* RecomendedViewModel.swift */,
			);
			path = RecomendedView;
			sourceTree = "<group>";
		};
		4C8477A12C2216E400DBE1FF /* TabBarView */ = {
			isa = PBXGroup;
			children = (
				4C8477942C21946100DBE1FF /* TabBarView.swift */,
			);
			path = TabBarView;
			sourceTree = "<group>";
		};
		4C8477AA2C24410300DBE1FF /* PopularPlaceView */ = {
			isa = PBXGroup;
			children = (
				4C8477A62C22E11800DBE1FF /* PopularPlaceStruct.swift */,
				4C8477A82C22E28A00DBE1FF /* PopularPlaceView.swift */,
			);
			path = PopularPlaceView;
			sourceTree = "<group>";
		};
		4C8477AB2C24411400DBE1FF /* CustomDevider */ = {
			isa = PBXGroup;
			children = (
				4C8477982C21BF8300DBE1FF /* CustomDivider.swift */,
			);
			path = CustomDevider;
			sourceTree = "<group>";
		};
		4CC4E4122C25997A00B44591 /* TicketOffer */ = {
			isa = PBXGroup;
			children = (
				4CC4E4042C2459E000B44591 /* FlightStruct.swift */,
				4CC4E4062C245B2D00B44591 /* FlightView.swift */,
				4CC4E4102C25987300B44591 /* TicketOfferViewModel.swift */,
			);
			path = TicketOffer;
			sourceTree = "<group>";
		};
/* End PBXGroup section */

/* Begin PBXNativeTarget section */
		4C8477822C21891100DBE1FF /* SearchTickets */ = {
			isa = PBXNativeTarget;
			buildConfigurationList = 4C8477912C21891A00DBE1FF /* Build configuration list for PBXNativeTarget "SearchTickets" */;
			buildPhases = (
				4C84777F2C21891100DBE1FF /* Sources */,
				4C8477802C21891100DBE1FF /* Frameworks */,
				4C8477812C21891100DBE1FF /* Resources */,
			);
			buildRules = (
			);
			dependencies = (
			);
			name = SearchTickets;
			productName = SearchTickets;
			productReference = 4C8477832C21891100DBE1FF /* SearchTickets.app */;
			productType = "com.apple.product-type.application";
		};
/* End PBXNativeTarget section */

/* Begin PBXProject section */
		4C84777B2C21891100DBE1FF /* Project object */ = {
			isa = PBXProject;
			attributes = {
				BuildIndependentTargetsInParallel = 1;
				LastSwiftUpdateCheck = 1520;
				LastUpgradeCheck = 1520;
				TargetAttributes = {
					4C8477822C21891100DBE1FF = {
						CreatedOnToolsVersion = 15.2;
					};
				};
			};
			buildConfigurationList = 4C84777E2C21891100DBE1FF /* Build configuration list for PBXProject "SearchTickets" */;
			compatibilityVersion = "Xcode 14.0";
			developmentRegion = en;
			hasScannedForEncodings = 0;
			knownRegions = (
				en,
				Base,
			);
			mainGroup = 4C84777A2C21891100DBE1FF;
			productRefGroup = 4C8477842C21891100DBE1FF /* Products */;
			projectDirPath = "";
			projectRoot = "";
			targets = (
				4C8477822C21891100DBE1FF /* SearchTickets */,
			);
		};
/* End PBXProject section */

/* Begin PBXResourcesBuildPhase section */
		4C8477812C21891100DBE1FF /* Resources */ = {
			isa = PBXResourcesBuildPhase;
			buildActionMask = 2147483647;
			files = (
				4C84778E2C21891A00DBE1FF /* Preview Assets.xcassets in Resources */,
				4C84778B2C21891A00DBE1FF /* Assets.xcassets in Resources */,
			);
			runOnlyForDeploymentPostprocessing = 0;
		};
/* End PBXResourcesBuildPhase section */

/* Begin PBXSourcesBuildPhase section */
		4C84777F2C21891100DBE1FF /* Sources */ = {
			isa = PBXSourcesBuildPhase;
			buildActionMask = 2147483647;
			files = (
				4C8477892C21891100DBE1FF /* ContentView.swift in Sources */,
				4C84779B2C21FFC800DBE1FF /* MainView.swift in Sources */,
				4CC4E4072C245B2D00B44591 /* FlightView.swift in Sources */,
				4C8477A72C22E11800DBE1FF /* PopularPlaceStruct.swift in Sources */,
				4C84779D2C22091200DBE1FF /* RecomendedView.swift in Sources */,
				4CC4E4052C2459E000B44591 /* FlightStruct.swift in Sources */,
				4CC4E40F2C2595B300B44591 /* RecomendedViewModel.swift in Sources */,
				4CC4E4162C25DD9600B44591 /* AllTicketsStruct.swift in Sources */,
				4C8477AD2C24492A00DBE1FF /* SearchView.swift in Sources */,
				4C8477952C21946100DBE1FF /* TabBarView.swift in Sources */,
				4C8477A92C22E28A00DBE1FF /* PopularPlaceView.swift in Sources */,
				4C8477A32C22176D00DBE1FF /* DetailPlaceView.swift in Sources */,
				4C84779F2C220AEB00DBE1FF /* RecomendedStruct.swift in Sources */,
				4C8477972C219FD600DBE1FF /* PlaceView.swift in Sources */,
				4CC4E41A2C282B8300B44591 /* CustomTextField.swift in Sources */,
				4CC4E4142C25DD1B00B44591 /* AllTickets.swift in Sources */,
				4CC4E4182C27178100B44591 /* TicketViewModel.swift in Sources */,
				4C8477872C21891100DBE1FF /* SearchTicketsApp.swift in Sources */,
				4CC4E4112C25987300B44591 /* TicketOfferViewModel.swift in Sources */,
				4C8477992C21BF8300DBE1FF /* CustomDivider.swift in Sources */,
			);
			runOnlyForDeploymentPostprocessing = 0;
		};
/* End PBXSourcesBuildPhase section */

/* Begin XCBuildConfiguration section */
		4C84778F2C21891A00DBE1FF /* Debug */ = {
			isa = XCBuildConfiguration;
			buildSettings = {
				ALWAYS_SEARCH_USER_PATHS = NO;
				ASSETCATALOG_COMPILER_GENERATE_SWIFT_ASSET_SYMBOL_EXTENSIONS = YES;
				CLANG_ANALYZER_NONNULL = YES;
				CLANG_ANALYZER_NUMBER_OBJECT_CONVERSION = YES_AGGRESSIVE;
				CLANG_CXX_LANGUAGE_STANDARD = "gnu++20";
				CLANG_ENABLE_MODULES = YES;
				CLANG_ENABLE_OBJC_ARC = YES;
				CLANG_ENABLE_OBJC_WEAK = YES;
				CLANG_WARN_BLOCK_CAPTURE_AUTORELEASING = YES;
				CLANG_WARN_BOOL_CONVERSION = YES;
				CLANG_WARN_COMMA = YES;
				CLANG_WARN_CONSTANT_CONVERSION = YES;
				CLANG_WARN_DEPRECATED_OBJC_IMPLEMENTATIONS = YES;
				CLANG_WARN_DIRECT_OBJC_ISA_USAGE = YES_ERROR;
				CLANG_WARN_DOCUMENTATION_COMMENTS = YES;
				CLANG_WARN_EMPTY_BODY = YES;
				CLANG_WARN_ENUM_CONVERSION = YES;
				CLANG_WARN_INFINITE_RECURSION = YES;
				CLANG_WARN_INT_CONVERSION = YES;
				CLANG_WARN_NON_LITERAL_NULL_CONVERSION = YES;
				CLANG_WARN_OBJC_IMPLICIT_RETAIN_SELF = YES;
				CLANG_WARN_OBJC_LITERAL_CONVERSION = YES;
				CLANG_WARN_OBJC_ROOT_CLASS = YES_ERROR;
				CLANG_WARN_QUOTED_INCLUDE_IN_FRAMEWORK_HEADER = YES;
				CLANG_WARN_RANGE_LOOP_ANALYSIS = YES;
				CLANG_WARN_STRICT_PROTOTYPES = YES;
				CLANG_WARN_SUSPICIOUS_MOVE = YES;
				CLANG_WARN_UNGUARDED_AVAILABILITY = YES_AGGRESSIVE;
				CLANG_WARN_UNREACHABLE_CODE = YES;
				CLANG_WARN__DUPLICATE_METHOD_MATCH = YES;
				COPY_PHASE_STRIP = NO;
				DEBUG_INFORMATION_FORMAT = dwarf;
				ENABLE_STRICT_OBJC_MSGSEND = YES;
				ENABLE_TESTABILITY = YES;
				ENABLE_USER_SCRIPT_SANDBOXING = YES;
				GCC_C_LANGUAGE_STANDARD = gnu17;
				GCC_DYNAMIC_NO_PIC = NO;
				GCC_NO_COMMON_BLOCKS = YES;
				GCC_OPTIMIZATION_LEVEL = 0;
				GCC_PREPROCESSOR_DEFINITIONS = (
					"DEBUG=1",
					"$(inherited)",
				);
				GCC_WARN_64_TO_32_BIT_CONVERSION = YES;
				GCC_WARN_ABOUT_RETURN_TYPE = YES_ERROR;
				GCC_WARN_UNDECLARED_SELECTOR = YES;
				GCC_WARN_UNINITIALIZED_AUTOS = YES_AGGRESSIVE;
				GCC_WARN_UNUSED_FUNCTION = YES;
				GCC_WARN_UNUSED_VARIABLE = YES;
				IPHONEOS_DEPLOYMENT_TARGET = 17.2;
				LOCALIZATION_PREFERS_STRING_CATALOGS = YES;
				MTL_ENABLE_DEBUG_INFO = INCLUDE_SOURCE;
				MTL_FAST_MATH = YES;
				ONLY_ACTIVE_ARCH = YES;
				SDKROOT = iphoneos;
				SWIFT_ACTIVE_COMPILATION_CONDITIONS = "DEBUG $(inherited)";
				SWIFT_OPTIMIZATION_LEVEL = "-Onone";
			};
			name = Debug;
		};
		4C8477902C21891A00DBE1FF /* Release */ = {
			isa = XCBuildConfiguration;
			buildSettings = {
				ALWAYS_SEARCH_USER_PATHS = NO;
				ASSETCATALOG_COMPILER_GENERATE_SWIFT_ASSET_SYMBOL_EXTENSIONS = YES;
				CLANG_ANALYZER_NONNULL = YES;
				CLANG_ANALYZER_NUMBER_OBJECT_CONVERSION = YES_AGGRESSIVE;
				CLANG_CXX_LANGUAGE_STANDARD = "gnu++20";
				CLANG_ENABLE_MODULES = YES;
				CLANG_ENABLE_OBJC_ARC = YES;
				CLANG_ENABLE_OBJC_WEAK = YES;
				CLANG_WARN_BLOCK_CAPTURE_AUTORELEASING = YES;
				CLANG_WARN_BOOL_CONVERSION = YES;
				CLANG_WARN_COMMA = YES;
				CLANG_WARN_CONSTANT_CONVERSION = YES;
				CLANG_WARN_DEPRECATED_OBJC_IMPLEMENTATIONS = YES;
				CLANG_WARN_DIRECT_OBJC_ISA_USAGE = YES_ERROR;
				CLANG_WARN_DOCUMENTATION_COMMENTS = YES;
				CLANG_WARN_EMPTY_BODY = YES;
				CLANG_WARN_ENUM_CONVERSION = YES;
				CLANG_WARN_INFINITE_RECURSION = YES;
				CLANG_WARN_INT_CONVERSION = YES;
				CLANG_WARN_NON_LITERAL_NULL_CONVERSION = YES;
				CLANG_WARN_OBJC_IMPLICIT_RETAIN_SELF = YES;
				CLANG_WARN_OBJC_LITERAL_CONVERSION = YES;
				CLANG_WARN_OBJC_ROOT_CLASS = YES_ERROR;
				CLANG_WARN_QUOTED_INCLUDE_IN_FRAMEWORK_HEADER = YES;
				CLANG_WARN_RANGE_LOOP_ANALYSIS = YES;
				CLANG_WARN_STRICT_PROTOTYPES = YES;
				CLANG_WARN_SUSPICIOUS_MOVE = YES;
				CLANG_WARN_UNGUARDED_AVAILABILITY = YES_AGGRESSIVE;
				CLANG_WARN_UNREACHABLE_CODE = YES;
				CLANG_WARN__DUPLICATE_METHOD_MATCH = YES;
				COPY_PHASE_STRIP = NO;
				DEBUG_INFORMATION_FORMAT = "dwarf-with-dsym";
				ENABLE_NS_ASSERTIONS = NO;
				ENABLE_STRICT_OBJC_MSGSEND = YES;
				ENABLE_USER_SCRIPT_SANDBOXING = YES;
				GCC_C_LANGUAGE_STANDARD = gnu17;
				GCC_NO_COMMON_BLOCKS = YES;
				GCC_WARN_64_TO_32_BIT_CONVERSION = YES;
				GCC_WARN_ABOUT_RETURN_TYPE = YES_ERROR;
				GCC_WARN_UNDECLARED_SELECTOR = YES;
				GCC_WARN_UNINITIALIZED_AUTOS = YES_AGGRESSIVE;
				GCC_WARN_UNUSED_FUNCTION = YES;
				GCC_WARN_UNUSED_VARIABLE = YES;
				IPHONEOS_DEPLOYMENT_TARGET = 17.2;
				LOCALIZATION_PREFERS_STRING_CATALOGS = YES;
				MTL_ENABLE_DEBUG_INFO = NO;
				MTL_FAST_MATH = YES;
				SDKROOT = iphoneos;
				SWIFT_COMPILATION_MODE = wholemodule;
				VALIDATE_PRODUCT = YES;
			};
			name = Release;
		};
		4C8477922C21891A00DBE1FF /* Debug */ = {
			isa = XCBuildConfiguration;
			buildSettings = {
				ASSETCATALOG_COMPILER_APPICON_NAME = AppIcon;
				ASSETCATALOG_COMPILER_GLOBAL_ACCENT_COLOR_NAME = AccentColor;
				CODE_SIGN_STYLE = Automatic;
				CURRENT_PROJECT_VERSION = 1;
				DEVELOPMENT_ASSET_PATHS = "\"SearchTickets/Preview Content\"";
				DEVELOPMENT_TEAM = H2AXHRTMVM;
				ENABLE_PREVIEWS = YES;
				GENERATE_INFOPLIST_FILE = YES;
				INFOPLIST_KEY_UIApplicationSceneManifest_Generation = YES;
				INFOPLIST_KEY_UIApplicationSupportsIndirectInputEvents = YES;
				INFOPLIST_KEY_UILaunchScreen_Generation = YES;
				INFOPLIST_KEY_UISupportedInterfaceOrientations_iPad = "UIInterfaceOrientationPortrait UIInterfaceOrientationPortraitUpsideDown UIInterfaceOrientationLandscapeLeft UIInterfaceOrientationLandscapeRight";
				INFOPLIST_KEY_UISupportedInterfaceOrientations_iPhone = "UIInterfaceOrientationPortrait UIInterfaceOrientationLandscapeLeft UIInterfaceOrientationLandscapeRight";
				LD_RUNPATH_SEARCH_PATHS = (
					"$(inherited)",
					"@executable_path/Frameworks",
				);
				MARKETING_VERSION = 1.0;
				PRODUCT_BUNDLE_IDENTIFIER = ru.visaeva.SearchTickets;
				PRODUCT_NAME = "$(TARGET_NAME)";
				SWIFT_EMIT_LOC_STRINGS = YES;
				SWIFT_VERSION = 5.0;
				TARGETED_DEVICE_FAMILY = "1,2";
			};
			name = Debug;
		};
		4C8477932C21891A00DBE1FF /* Release */ = {
			isa = XCBuildConfiguration;
			buildSettings = {
				ASSETCATALOG_COMPILER_APPICON_NAME = AppIcon;
				ASSETCATALOG_COMPILER_GLOBAL_ACCENT_COLOR_NAME = AccentColor;
				CODE_SIGN_STYLE = Automatic;
				CURRENT_PROJECT_VERSION = 1;
				DEVELOPMENT_ASSET_PATHS = "\"SearchTickets/Preview Content\"";
				DEVELOPMENT_TEAM = H2AXHRTMVM;
				ENABLE_PREVIEWS = YES;
				GENERATE_INFOPLIST_FILE = YES;
				INFOPLIST_KEY_UIApplicationSceneManifest_Generation = YES;
				INFOPLIST_KEY_UIApplicationSupportsIndirectInputEvents = YES;
				INFOPLIST_KEY_UILaunchScreen_Generation = YES;
				INFOPLIST_KEY_UISupportedInterfaceOrientations_iPad = "UIInterfaceOrientationPortrait UIInterfaceOrientationPortraitUpsideDown UIInterfaceOrientationLandscapeLeft UIInterfaceOrientationLandscapeRight";
				INFOPLIST_KEY_UISupportedInterfaceOrientations_iPhone = "UIInterfaceOrientationPortrait UIInterfaceOrientationLandscapeLeft UIInterfaceOrientationLandscapeRight";
				LD_RUNPATH_SEARCH_PATHS = (
					"$(inherited)",
					"@executable_path/Frameworks",
				);
				MARKETING_VERSION = 1.0;
				PRODUCT_BUNDLE_IDENTIFIER = ru.visaeva.SearchTickets;
				PRODUCT_NAME = "$(TARGET_NAME)";
				SWIFT_EMIT_LOC_STRINGS = YES;
				SWIFT_VERSION = 5.0;
				TARGETED_DEVICE_FAMILY = "1,2";
			};
			name = Release;
		};
/* End XCBuildConfiguration section */

/* Begin XCConfigurationList section */
		4C84777E2C21891100DBE1FF /* Build configuration list for PBXProject "SearchTickets" */ = {
			isa = XCConfigurationList;
			buildConfigurations = (
				4C84778F2C21891A00DBE1FF /* Debug */,
				4C8477902C21891A00DBE1FF /* Release */,
			);
			defaultConfigurationIsVisible = 0;
			defaultConfigurationName = Release;
		};
		4C8477912C21891A00DBE1FF /* Build configuration list for PBXNativeTarget "SearchTickets" */ = {
			isa = XCConfigurationList;
			buildConfigurations = (
				4C8477922C21891A00DBE1FF /* Debug */,
				4C8477932C21891A00DBE1FF /* Release */,
			);
			defaultConfigurationIsVisible = 0;
			defaultConfigurationName = Release;
		};
/* End XCConfigurationList section */
	};
	rootObject = 4C84777B2C21891100DBE1FF /* Project object */;
}
